<?xml version="1.0" encoding="utf-8"?>
<Project ToolsVersion="4.0" xmlns="http://schemas.microsoft.com/developer/msbuild/2003">
  <ItemGroup>
    <Filter Include="源文件">
      <UniqueIdentifier>{4FC737F1-C7A5-4376-A066-2A32D752A2FF}</UniqueIdentifier>
      <Extensions>cpp;c;cc;cxx;c++;cppm;ixx;def;odl;idl;hpj;bat;asm;asmx</Extensions>
    </Filter>
    <Filter Include="头文件">
      <UniqueIdentifier>{93995380-89BD-4b04-88EB-625FBE52EBFB}</UniqueIdentifier>
      <Extensions>h;hh;hpp;hxx;h++;hm;inl;inc;ipp;xsd</Extensions>
    </Filter>
    <Filter Include="资源文件">
      <UniqueIdentifier>{67DA6AB6-F800-4c08-8B7A-83BB121AAD01}</UniqueIdentifier>
      <Extensions>rc;ico;cur;bmp;dlg;rc2;rct;bin;rgs;gif;jpg;jpeg;jpe;resx;tiff;tif;png;wav;mfcribbon-ms</Extensions>
    </Filter>
    <Filter Include="资源文件\certificates">
      <UniqueIdentifier>{3db3b841-3ebf-45a8-ae4e-6966081f4198}</UniqueIdentifier>
    </Filter>
    <Filter Include="资源文件\manifests">
      <UniqueIdentifier>{d298389c-baed-48b5-ad1b-0ec8a18ee68e}</UniqueIdentifier>
    </Filter>
  </ItemGroup>
  <ItemGroup>
    <ClCompile Include="Source.cpp">
      <Filter>源文件</Filter>
    </ClCompile>
    <ClCompile Include="basics.cpp">
      <Filter>源文件</Filter>
    </ClCompile>
    <ClCompile Include="gjson.cpp">
      <Filter>源文件</Filter>
    </ClCompile>
    <ClCompile Include="curldownload.cpp">
      <Filter>源文件</Filter>
    </ClCompile>
  </ItemGroup>
  <ItemGroup>
    <ClInclude Include="basics.h">
      <Filter>头文件</Filter>
    </ClInclude>
    <ClInclude Include="gjson.h">
      <Filter>头文件</Filter>
    </ClInclude>
    <ClInclude Include="curldownload.h">
      <Filter>头文件</Filter>
    </ClInclude>
  </ItemGroup>
  <ItemGroup>
    <None Include="minecraft_jdk.json" />
    <None Include="profile.json" />
    <None Include="test.json" />
    <None Include="certificates\cacert.pem">
      <Filter>资源文件\certificates</Filter>
    </None>
    <None Include="manifests\version_manifest.json">
      <Filter>资源文件\manifests</Filter>
    </None>
  </ItemGroup>
</Project>